
Microsoft Visual Studio Solution File, Format Version 12.00
# Visual Studio Version 16
VisualStudioVersion = 16.0.31727.386
MinimumVisualStudioVersion = 10.0.40219.1
Project("{FAE04EC0-301F-11D3-BF4B-00C04F79EFBC}") = "VizeSinavi", "VizeSinavi.csproj", "{616E908C-67C4-43EC-A579-75670C82BA75}"
EndProject
Global
	GlobalSection(SolutionConfigurationPlatforms) = preSolution
		Debug|Any CPU = Debug|Any CPU
		Release|Any CPU = Release|Any CPU
	EndGlobalSection
	GlobalSection(ProjectConfigurationPlatforms) = postSolution
		{616E908C-67C4-43EC-A579-75670C82BA75}.Debug|Any CPU.ActiveCfg = Debug|Any CPU
		{616E908C-67C4-43EC-A579-75670C82BA75}.Debug|Any CPU.Build.0 = Debug|Any CPU
		{616E908C-67C4-43EC-A579-75670C82BA75}.Release|Any CPU.ActiveCfg = Release|Any CPU
		{616E908C-67C4-43EC-A579-75670C82BA75}.Release|Any CPU.Build.0 = Release|Any CPU
	EndGlobalSection
	GlobalSection(SolutionProperties) = preSolution
		HideSolutionNode = FALSE
	EndGlobalSection
	GlobalSection(ExtensibilityGlobals) = postSolution
		SolutionGuid = {01AD7564-84BA-4302-BDFC-33DF18F8FDF1}
	EndGlobalSection
EndGlobal
